// !$*UTF8*$!
{
	archiveVersion = 1;
	classes = {
	};
	objectVersion = 56;
	objects = {

/* Begin PBXBuildFile section */
		66FF53B529B4C79700CBE472 /* PaginationTutorialApp.swift in Sources */ = {isa = PBXBuildFile; fileRef = 66FF53B429B4C79700CBE472 /* PaginationTutorialApp.swift */; };
		66FF53B729B4C79700CBE472 /* ContentView.swift in Sources */ = {isa = PBXBuildFile; fileRef = 66FF53B629B4C79700CBE472 /* ContentView.swift */; };
		66FF53B929B4C79700CBE472 /* Assets.xcassets in Resources */ = {isa = PBXBuildFile; fileRef = 66FF53B829B4C79700CBE472 /* Assets.xcassets */; };
		66FF53BC29B4C79700CBE472 /* Preview Assets.xcassets in Resources */ = {isa = PBXBuildFile; fileRef = 66FF53BB29B4C79700CBE472 /* Preview Assets.xcassets */; };
		66FF53C329B4D15400CBE472 /* RandomAccessCollection+Extension.swift in Sources */ = {isa = PBXBuildFile; fileRef = 66FF53C229B4D15400CBE472 /* RandomAccessCollection+Extension.swift */; };
		66FF53C529B4D68600CBE472 /* String+Extension.swift in Sources */ = {isa = PBXBuildFile; fileRef = 66FF53C429B4D68600CBE472 /* String+Extension.swift */; };
		66FF5C8829BC5F9E00E1AD8B /* MockingWebService.swift in Sources */ = {isa = PBXBuildFile; fileRef = 66FF5C8729BC5F9E00E1AD8B /* MockingWebService.swift */; };
		66FF5C8C29BC5FF000E1AD8B /* Item.swift in Sources */ = {isa = PBXBuildFile; fileRef = 66FF5C8B29BC5FF000E1AD8B /* Item.swift */; };
		66FF5C8E29BC611A00E1AD8B /* ItemModel.swift in Sources */ = {isa = PBXBuildFile; fileRef = 66FF5C8D29BC611A00E1AD8B /* ItemModel.swift */; };
/* End PBXBuildFile section */

/* Begin PBXFileReference section */
		66FF53B129B4C79700CBE472 /* PaginationTutorialApp.app */ = {isa = PBXFileReference; explicitFileType = wrapper.application; includeInIndex = 0; path = PaginationTutorialApp.app; sourceTree = BUILT_PRODUCTS_DIR; };
		66FF53B429B4C79700CBE472 /* PaginationTutorialApp.swift */ = {isa = PBXFileReference; lastKnownFileType = sourcecode.swift; path = PaginationTutorialApp.swift; sourceTree = "<group>"; };
		66FF53B629B4C79700CBE472 /* ContentView.swift */ = {isa = PBXFileReference; lastKnownFileType = sourcecode.swift; path = ContentView.swift; sourceTree = "<group>"; };
		66FF53B829B4C79700CBE472 /* Assets.xcassets */ = {isa = PBXFileReference; lastKnownFileType = folder.assetcatalog; path = Assets.xcassets; sourceTree = "<group>"; };
		66FF53BB29B4C79700CBE472 /* Preview Assets.xcassets */ = {isa = PBXFileReference; lastKnownFileType = folder.assetcatalog; path = "Preview Assets.xcassets"; sourceTree = "<group>"; };
		66FF53C229B4D15400CBE472 /* RandomAccessCollection+Extension.swift */ = {isa = PBXFileReference; lastKnownFileType = sourcecode.swift; path = "RandomAccessCollection+Extension.swift"; sourceTree = "<group>"; };
		66FF53C429B4D68600CBE472 /* String+Extension.swift */ = {isa = PBXFileReference; lastKnownFileType = sourcecode.swift; path = "String+Extension.swift"; sourceTree = "<group>"; };
		66FF5C8729BC5F9E00E1AD8B /* MockingWebService.swift */ = {isa = PBXFileReference; lastKnownFileType = sourcecode.swift; path = MockingWebService.swift; sourceTree = "<group>"; };
		66FF5C8B29BC5FF000E1AD8B /* Item.swift */ = {isa = PBXFileReference; lastKnownFileType = sourcecode.swift; path = Item.swift; sourceTree = "<group>"; };
		66FF5C8D29BC611A00E1AD8B /* ItemModel.swift */ = {isa = PBXFileReference; lastKnownFileType = sourcecode.swift; path = ItemModel.swift; sourceTree = "<group>"; };
/* End PBXFileReference section */

/* Begin PBXFrameworksBuildPhase section */
		66FF53AE29B4C79700CBE472 /* Frameworks */ = {
			isa = PBXFrameworksBuildPhase;
			buildActionMask = 2147483647;
			files = (
			);
			runOnlyForDeploymentPostprocessing = 0;
		};
/* End PBXFrameworksBuildPhase section */

/* Begin PBXGroup section */
		66FF53A829B4C79700CBE472 = {
			isa = PBXGroup;
			children = (
				66FF53B329B4C79700CBE472 /* PaginationTutorialApp */,
				66FF53B229B4C79700CBE472 /* Products */,
			);
			sourceTree = "<group>";
		};
		66FF53B229B4C79700CBE472 /* Products */ = {
			isa = PBXGroup;
			children = (
				66FF53B129B4C79700CBE472 /* PaginationTutorialApp.app */,
			);
			name = Products;
			sourceTree = "<group>";
		};
		66FF53B329B4C79700CBE472 /* PaginationTutorialApp */ = {
			isa = PBXGroup;
			children = (
				66FF5C8A29BC5FE400E1AD8B /* Model */,
				66FF5C8929BC5FA300E1AD8B /* Service */,
				66FF53C629B4D68D00CBE472 /* Extension */,
				66FF53B429B4C79700CBE472 /* PaginationTutorialApp.swift */,
				66FF53B629B4C79700CBE472 /* ContentView.swift */,
				66FF53B829B4C79700CBE472 /* Assets.xcassets */,
				66FF53BA29B4C79700CBE472 /* Preview Content */,
			);
			path = PaginationTutorialApp;
			sourceTree = "<group>";
		};
		66FF53BA29B4C79700CBE472 /* Preview Content */ = {
			isa = PBXGroup;
			children = (
				66FF53BB29B4C79700CBE472 /* Preview Assets.xcassets */,
			);
			path = "Preview Content";
			sourceTree = "<group>";
		};
		66FF53C629B4D68D00CBE472 /* Extension */ = {
			isa = PBXGroup;
			children = (
				66FF53C229B4D15400CBE472 /* RandomAccessCollection+Extension.swift */,
				66FF53C429B4D68600CBE472 /* String+Extension.swift */,
			);
			path = Extension;
			sourceTree = "<group>";
		};
		66FF5C8929BC5FA300E1AD8B /* Service */ = {
			isa = PBXGroup;
			children = (
				66FF5C8729BC5F9E00E1AD8B /* MockingWebService.swift */,
			);
			path = Service;
			sourceTree = "<group>";
		};
		66FF5C8A29BC5FE400E1AD8B /* Model */ = {
			isa = PBXGroup;
			children = (
				66FF5C8B29BC5FF000E1AD8B /* Item.swift */,
				66FF5C8D29BC611A00E1AD8B /* ItemModel.swift */,
			);
			path = Model;
			sourceTree = "<group>";
		};
/* End PBXGroup section */

/* Begin PBXNativeTarget section */
		66FF53B029B4C79700CBE472 /* PaginationTutorialApp */ = {
			isa = PBXNativeTarget;
			buildConfigurationList = 66FF53BF29B4C79700CBE472 /* Build configuration list for PBXNativeTarget "PaginationTutorialApp" */;
			buildPhases = (
				66FF53AD29B4C79700CBE472 /* Sources */,
				66FF53AE29B4C79700CBE472 /* Frameworks */,
				66FF53AF29B4C79700CBE472 /* Resources */,
			);
			buildRules = (
			);
			dependencies = (
			);
			name = PaginationTutorialApp;
			productName = PaginationTutorialApp;
			productReference = 66FF53B129B4C79700CBE472 /* PaginationTutorialApp.app */;
			productType = "com.apple.product-type.application";
		};
/* End PBXNativeTarget section */

/* Begin PBXProject section */
		66FF53A929B4C79700CBE472 /* Project object */ = {
			isa = PBXProject;
			attributes = {
				BuildIndependentTargetsInParallel = 1;
				LastSwiftUpdateCheck = 1420;
				LastUpgradeCheck = 1420;
				TargetAttributes = {
					66FF53B029B4C79700CBE472 = {
						CreatedOnToolsVersion = 14.2;
					};
				};
			};
			buildConfigurationList = 66FF53AC29B4C79700CBE472 /* Build configuration list for PBXProject "PaginationTutorialApp" */;
			compatibilityVersion = "Xcode 14.0";
			developmentRegion = en;
			hasScannedForEncodings = 0;
			knownRegions = (
				en,
				Base,
			);
			mainGroup = 66FF53A829B4C79700CBE472;
			productRefGroup = 66FF53B229B4C79700CBE472 /* Products */;
			projectDirPath = "";
			projectRoot = "";
			targets = (
				66FF53B029B4C79700CBE472 /* PaginationTutorialApp */,
			);
		};
/* End PBXProject section */

/* Begin PBXResourcesBuildPhase section */
		66FF53AF29B4C79700CBE472 /* Resources */ = {
			isa = PBXResourcesBuildPhase;
			buildActionMask = 2147483647;
			files = (
				66FF53BC29B4C79700CBE472 /* Preview Assets.xcassets in Resources */,
				66FF53B929B4C79700CBE472 /* Assets.xcassets in Resources */,
			);
			runOnlyForDeploymentPostprocessing = 0;
		};
/* End PBXResourcesBuildPhase section */

/* Begin PBXSourcesBuildPhase section */
		66FF53AD29B4C79700CBE472 /* Sources */ = {
			isa = PBXSourcesBuildPhase;
			buildActionMask = 2147483647;
			files = (
				66FF53C529B4D68600CBE472 /* String+Extension.swift in Sources */,
				66FF53B729B4C79700CBE472 /* ContentView.swift in Sources */,
				66FF53C329B4D15400CBE472 /* RandomAccessCollection+Extension.swift in Sources */,
				66FF5C8829BC5F9E00E1AD8B /* MockingWebService.swift in Sources */,
				66FF5C8C29BC5FF000E1AD8B /* Item.swift in Sources */,
				66FF5C8E29BC611A00E1AD8B /* ItemModel.swift in Sources */,
				66FF53B529B4C79700CBE472 /* PaginationTutorialApp.swift in Sources */,
			);
			runOnlyForDeploymentPostprocessing = 0;
		};
/* End PBXSourcesBuildPhase section */

/* Begin XCBuildConfiguration section */
		66FF53BD29B4C79700CBE472 /* Debug */ = {
			isa = XCBuildConfiguration;
			buildSettings = {
				ALWAYS_SEARCH_USER_PATHS = NO;
				CLANG_ANALYZER_NONNULL = YES;
				CLANG_ANALYZER_NUMBER_OBJECT_CONVERSION = YES_AGGRESSIVE;
				CLANG_CXX_LANGUAGE_STANDARD = "gnu++20";
				CLANG_ENABLE_MODULES = YES;
				CLANG_ENABLE_OBJC_ARC = YES;
				CLANG_ENABLE_OBJC_WEAK = YES;
				CLANG_WARN_BLOCK_CAPTURE_AUTORELEASING = YES;
				CLANG_WARN_BOOL_CONVERSION = YES;
				CLANG_WARN_COMMA = YES;
				CLANG_WARN_CONSTANT_CONVERSION = YES;
				CLANG_WARN_DEPRECATED_OBJC_IMPLEMENTATIONS = YES;
				CLANG_WARN_DIRECT_OBJC_ISA_USAGE = YES_ERROR;
				CLANG_WARN_DOCUMENTATION_COMMENTS = YES;
				CLANG_WARN_EMPTY_BODY = YES;
				CLANG_WARN_ENUM_CONVERSION = YES;
				CLANG_WARN_INFINITE_RECURSION = YES;
				CLANG_WARN_INT_CONVERSION = YES;
				CLANG_WARN_NON_LITERAL_NULL_CONVERSION = YES;
				CLANG_WARN_OBJC_IMPLICIT_RETAIN_SELF = YES;
				CLANG_WARN_OBJC_LITERAL_CONVERSION = YES;
				CLANG_WARN_OBJC_ROOT_CLASS = YES_ERROR;
				CLANG_WARN_QUOTED_INCLUDE_IN_FRAMEWORK_HEADER = YES;
				CLANG_WARN_RANGE_LOOP_ANALYSIS = YES;
				CLANG_WARN_STRICT_PROTOTYPES = YES;
				CLANG_WARN_SUSPICIOUS_MOVE = YES;
				CLANG_WARN_UNGUARDED_AVAILABILITY = YES_AGGRESSIVE;
				CLANG_WARN_UNREACHABLE_CODE = YES;
				CLANG_WARN__DUPLICATE_METHOD_MATCH = YES;
				COPY_PHASE_STRIP = NO;
				DEBUG_INFORMATION_FORMAT = dwarf;
				ENABLE_STRICT_OBJC_MSGSEND = YES;
				ENABLE_TESTABILITY = YES;
				GCC_C_LANGUAGE_STANDARD = gnu11;
				GCC_DYNAMIC_NO_PIC = NO;
				GCC_NO_COMMON_BLOCKS = YES;
				GCC_OPTIMIZATION_LEVEL = 0;
				GCC_PREPROCESSOR_DEFINITIONS = (
					"DEBUG=1",
					"$(inherited)",
				);
				GCC_WARN_64_TO_32_BIT_CONVERSION = YES;
				GCC_WARN_ABOUT_RETURN_TYPE = YES_ERROR;
				GCC_WARN_UNDECLARED_SELECTOR = YES;
				GCC_WARN_UNINITIALIZED_AUTOS = YES_AGGRESSIVE;
				GCC_WARN_UNUSED_FUNCTION = YES;
				GCC_WARN_UNUSED_VARIABLE = YES;
				IPHONEOS_DEPLOYMENT_TARGET = 16.2;
				MTL_ENABLE_DEBUG_INFO = INCLUDE_SOURCE;
				MTL_FAST_MATH = YES;
				ONLY_ACTIVE_ARCH = YES;
				SDKROOT = iphoneos;
				SWIFT_ACTIVE_COMPILATION_CONDITIONS = DEBUG;
				SWIFT_OPTIMIZATION_LEVEL = "-Onone";
			};
			name = Debug;
		};
		66FF53BE29B4C79700CBE472 /* Release */ = {
			isa = XCBuildConfiguration;
			buildSettings = {
				ALWAYS_SEARCH_USER_PATHS = NO;
				CLANG_ANALYZER_NONNULL = YES;
				CLANG_ANALYZER_NUMBER_OBJECT_CONVERSION = YES_AGGRESSIVE;
				CLANG_CXX_LANGUAGE_STANDARD = "gnu++20";
				CLANG_ENABLE_MODULES = YES;
				CLANG_ENABLE_OBJC_ARC = YES;
				CLANG_ENABLE_OBJC_WEAK = YES;
				CLANG_WARN_BLOCK_CAPTURE_AUTORELEASING = YES;
				CLANG_WARN_BOOL_CONVERSION = YES;
				CLANG_WARN_COMMA = YES;
				CLANG_WARN_CONSTANT_CONVERSION = YES;
				CLANG_WARN_DEPRECATED_OBJC_IMPLEMENTATIONS = YES;
				CLANG_WARN_DIRECT_OBJC_ISA_USAGE = YES_ERROR;
				CLANG_WARN_DOCUMENTATION_COMMENTS = YES;
				CLANG_WARN_EMPTY_BODY = YES;
				CLANG_WARN_ENUM_CONVERSION = YES;
				CLANG_WARN_INFINITE_RECURSION = YES;
				CLANG_WARN_INT_CONVERSION = YES;
				CLANG_WARN_NON_LITERAL_NULL_CONVERSION = YES;
				CLANG_WARN_OBJC_IMPLICIT_RETAIN_SELF = YES;
				CLANG_WARN_OBJC_LITERAL_CONVERSION = YES;
				CLANG_WARN_OBJC_ROOT_CLASS = YES_ERROR;
				CLANG_WARN_QUOTED_INCLUDE_IN_FRAMEWORK_HEADER = YES;
				CLANG_WARN_RANGE_LOOP_ANALYSIS = YES;
				CLANG_WARN_STRICT_PROTOTYPES = YES;
				CLANG_WARN_SUSPICIOUS_MOVE = YES;
				CLANG_WARN_UNGUARDED_AVAILABILITY = YES_AGGRESSIVE;
				CLANG_WARN_UNREACHABLE_CODE = YES;
				CLANG_WARN__DUPLICATE_METHOD_MATCH = YES;
				COPY_PHASE_STRIP = NO;
				DEBUG_INFORMATION_FORMAT = "dwarf-with-dsym";
				ENABLE_NS_ASSERTIONS = NO;
				ENABLE_STRICT_OBJC_MSGSEND = YES;
				GCC_C_LANGUAGE_STANDARD = gnu11;
				GCC_NO_COMMON_BLOCKS = YES;
				GCC_WARN_64_TO_32_BIT_CONVERSION = YES;
				GCC_WARN_ABOUT_RETURN_TYPE = YES_ERROR;
				GCC_WARN_UNDECLARED_SELECTOR = YES;
				GCC_WARN_UNINITIALIZED_AUTOS = YES_AGGRESSIVE;
				GCC_WARN_UNUSED_FUNCTION = YES;
				GCC_WARN_UNUSED_VARIABLE = YES;
				IPHONEOS_DEPLOYMENT_TARGET = 16.2;
				MTL_ENABLE_DEBUG_INFO = NO;
				MTL_FAST_MATH = YES;
				SDKROOT = iphoneos;
				SWIFT_COMPILATION_MODE = wholemodule;
				SWIFT_OPTIMIZATION_LEVEL = "-O";
				VALIDATE_PRODUCT = YES;
			};
			name = Release;
		};
		66FF53C029B4C79700CBE472 /* Debug */ = {
			isa = XCBuildConfiguration;
			buildSettings = {
				ASSETCATALOG_COMPILER_APPICON_NAME = AppIcon;
				ASSETCATALOG_COMPILER_GLOBAL_ACCENT_COLOR_NAME = AccentColor;
				CODE_SIGN_STYLE = Automatic;
				CURRENT_PROJECT_VERSION = 1;
				DEVELOPMENT_ASSET_PATHS = "\"PaginationTutorialApp/Preview Content\"";
				DEVELOPMENT_TEAM = W97G28RHLW;
				ENABLE_PREVIEWS = YES;
				GENERATE_INFOPLIST_FILE = YES;
				INFOPLIST_KEY_UIApplicationSceneManifest_Generation = YES;
				INFOPLIST_KEY_UIApplicationSupportsIndirectInputEvents = YES;
				INFOPLIST_KEY_UILaunchScreen_Generation = YES;
				INFOPLIST_KEY_UISupportedInterfaceOrientations_iPad = "UIInterfaceOrientationPortrait UIInterfaceOrientationPortraitUpsideDown UIInterfaceOrientationLandscapeLeft UIInterfaceOrientationLandscapeRight";
				INFOPLIST_KEY_UISupportedInterfaceOrientations_iPhone = "UIInterfaceOrientationPortrait UIInterfaceOrientationLandscapeLeft UIInterfaceOrientationLandscapeRight";
				LD_RUNPATH_SEARCH_PATHS = (
					"$(inherited)",
					"@executable_path/Frameworks",
				);
				MARKETING_VERSION = 1.0;
				PRODUCT_BUNDLE_IDENTIFIER = com.PaginationTutorialApp;
				PRODUCT_NAME = "$(TARGET_NAME)";
				SWIFT_EMIT_LOC_STRINGS = YES;
				SWIFT_VERSION = 5.0;
				TARGETED_DEVICE_FAMILY = "1,2";
			};
			name = Debug;
		};
		66FF53C129B4C79700CBE472 /* Release */ = {
			isa = XCBuildConfiguration;
			buildSettings = {
				ASSETCATALOG_COMPILER_APPICON_NAME = AppIcon;
				ASSETCATALOG_COMPILER_GLOBAL_ACCENT_COLOR_NAME = AccentColor;
				CODE_SIGN_STYLE = Automatic;
				CURRENT_PROJECT_VERSION = 1;
				DEVELOPMENT_ASSET_PATHS = "\"PaginationTutorialApp/Preview Content\"";
				DEVELOPMENT_TEAM = W97G28RHLW;
				ENABLE_PREVIEWS = YES;
				GENERATE_INFOPLIST_FILE = YES;
				INFOPLIST_KEY_UIApplicationSceneManifest_Generation = YES;
				INFOPLIST_KEY_UIApplicationSupportsIndirectInputEvents = YES;
				INFOPLIST_KEY_UILaunchScreen_Generation = YES;
				INFOPLIST_KEY_UISupportedInterfaceOrientations_iPad = "UIInterfaceOrientationPortrait UIInterfaceOrientationPortraitUpsideDown UIInterfaceOrientationLandscapeLeft UIInterfaceOrientationLandscapeRight";
				INFOPLIST_KEY_UISupportedInterfaceOrientations_iPhone = "UIInterfaceOrientationPortrait UIInterfaceOrientationLandscapeLeft UIInterfaceOrientationLandscapeRight";
				LD_RUNPATH_SEARCH_PATHS = (
					"$(inherited)",
					"@executable_path/Frameworks",
				);
				MARKETING_VERSION = 1.0;
				PRODUCT_BUNDLE_IDENTIFIER = com.PaginationTutorialApp;
				PRODUCT_NAME = "$(TARGET_NAME)";
				SWIFT_EMIT_LOC_STRINGS = YES;
				SWIFT_VERSION = 5.0;
				TARGETED_DEVICE_FAMILY = "1,2";
			};
			name = Release;
		};
/* End XCBuildConfiguration section */

/* Begin XCConfigurationList section */
		66FF53AC29B4C79700CBE472 /* Build configuration list for PBXProject "PaginationTutorialApp" */ = {
			isa = XCConfigurationList;
			buildConfigurations = (
				66FF53BD29B4C79700CBE472 /* Debug */,
				66FF53BE29B4C79700CBE472 /* Release */,
			);
			defaultConfigurationIsVisible = 0;
			defaultConfigurationName = Release;
		};
		66FF53BF29B4C79700CBE472 /* Build configuration list for PBXNativeTarget "PaginationTutorialApp" */ = {
			isa = XCConfigurationList;
			buildConfigurations = (
				66FF53C029B4C79700CBE472 /* Debug */,
				66FF53C129B4C79700CBE472 /* Release */,
			);
			defaultConfigurationIsVisible = 0;
			defaultConfigurationName = Release;
		};
/* End XCConfigurationList section */
	};
	rootObject = 66FF53A929B4C79700CBE472 /* Project object */;
}
